// !$*UTF8*$!
{
	archiveVersion = 1;
	classes = {
	};
	objectVersion = 56;
	objects = {

/* Begin PBXBuildFile section */
		A8FB19F12B00550900C47E09 /* TikTokTutorialApp.swift in Sources */ = {isa = PBXBuildFile; fileRef = A8FB19F02B00550900C47E09 /* TikTokTutorialApp.swift */; };
		A8FB19F32B00550900C47E09 /* ContentView.swift in Sources */ = {isa = PBXBuildFile; fileRef = A8FB19F22B00550900C47E09 /* ContentView.swift */; };
		A8FB19F52B00550A00C47E09 /* Assets.xcassets in Resources */ = {isa = PBXBuildFile; fileRef = A8FB19F42B00550A00C47E09 /* Assets.xcassets */; };
		A8FB19F92B00550A00C47E09 /* Preview Assets.xcassets in Resources */ = {isa = PBXBuildFile; fileRef = A8FB19F82B00550A00C47E09 /* Preview Assets.xcassets */; };
		A8FB1A112B0057DA00C47E09 /* MainTabView.swift in Sources */ = {isa = PBXBuildFile; fileRef = A8FB1A102B0057DA00C47E09 /* MainTabView.swift */; };
		A8FB1A132B007E4400C47E09 /* FeedView.swift in Sources */ = {isa = PBXBuildFile; fileRef = A8FB1A122B007E4400C47E09 /* FeedView.swift */; };
		A8FB1A152B009DFC00C47E09 /* FeedCell.swift in Sources */ = {isa = PBXBuildFile; fileRef = A8FB1A142B009DFC00C47E09 /* FeedCell.swift */; };
		A8FB1A172B00C18E00C47E09 /* ExploreView.swift in Sources */ = {isa = PBXBuildFile; fileRef = A8FB1A162B00C18E00C47E09 /* ExploreView.swift */; };
		A8FB1A192B00C1AA00C47E09 /* UserCell.swift in Sources */ = {isa = PBXBuildFile; fileRef = A8FB1A182B00C1AA00C47E09 /* UserCell.swift */; };
		A8FB1A1B2B00C4AB00C47E09 /* NotificationsView.swift in Sources */ = {isa = PBXBuildFile; fileRef = A8FB1A1A2B00C4AB00C47E09 /* NotificationsView.swift */; };
		A8FB1A1D2B00C4B700C47E09 /* NotificationsCell.swift in Sources */ = {isa = PBXBuildFile; fileRef = A8FB1A1C2B00C4B700C47E09 /* NotificationsCell.swift */; };
		A8FB1A212B01520800C47E09 /* ProfileHeaderView.swift in Sources */ = {isa = PBXBuildFile; fileRef = A8FB1A202B01520800C47E09 /* ProfileHeaderView.swift */; };
		A8FB1A232B01521200C47E09 /* PostGridView.swift in Sources */ = {isa = PBXBuildFile; fileRef = A8FB1A222B01521200C47E09 /* PostGridView.swift */; };
		A8FB1A252B01527100C47E09 /* CurrentProfileUserView.swift in Sources */ = {isa = PBXBuildFile; fileRef = A8FB1A242B01527100C47E09 /* CurrentProfileUserView.swift */; };
		A8FB1A292B0154EB00C47E09 /* UserStatView.swift in Sources */ = {isa = PBXBuildFile; fileRef = A8FB1A282B0154EB00C47E09 /* UserStatView.swift */; };
		A8FB1A2B2B01620600C47E09 /* Post.swift in Sources */ = {isa = PBXBuildFile; fileRef = A8FB1A2A2B01620600C47E09 /* Post.swift */; };
		A8FB1A302B01626200C47E09 /* FeedViewModel.swift in Sources */ = {isa = PBXBuildFile; fileRef = A8FB1A2F2B01626200C47E09 /* FeedViewModel.swift */; };
		A8FB1A322B0181E700C47E09 /* CustomVideoPlayer.swift in Sources */ = {isa = PBXBuildFile; fileRef = A8FB1A312B0181E700C47E09 /* CustomVideoPlayer.swift */; };
/* End PBXBuildFile section */

/* Begin PBXFileReference section */
		A8FB19ED2B00550900C47E09 /* TikTokTutorial.app */ = {isa = PBXFileReference; explicitFileType = wrapper.application; includeInIndex = 0; path = TikTokTutorial.app; sourceTree = BUILT_PRODUCTS_DIR; };
		A8FB19F02B00550900C47E09 /* TikTokTutorialApp.swift */ = {isa = PBXFileReference; lastKnownFileType = sourcecode.swift; path = TikTokTutorialApp.swift; sourceTree = "<group>"; };
		A8FB19F22B00550900C47E09 /* ContentView.swift */ = {isa = PBXFileReference; lastKnownFileType = sourcecode.swift; path = ContentView.swift; sourceTree = "<group>"; };
		A8FB19F42B00550A00C47E09 /* Assets.xcassets */ = {isa = PBXFileReference; lastKnownFileType = folder.assetcatalog; path = Assets.xcassets; sourceTree = "<group>"; };
		A8FB19F62B00550A00C47E09 /* TikTokTutorial.entitlements */ = {isa = PBXFileReference; lastKnownFileType = text.plist.entitlements; path = TikTokTutorial.entitlements; sourceTree = "<group>"; };
		A8FB19F82B00550A00C47E09 /* Preview Assets.xcassets */ = {isa = PBXFileReference; lastKnownFileType = folder.assetcatalog; path = "Preview Assets.xcassets"; sourceTree = "<group>"; };
		A8FB1A102B0057DA00C47E09 /* MainTabView.swift */ = {isa = PBXFileReference; lastKnownFileType = sourcecode.swift; path = MainTabView.swift; sourceTree = "<group>"; };
		A8FB1A122B007E4400C47E09 /* FeedView.swift */ = {isa = PBXFileReference; lastKnownFileType = sourcecode.swift; path = FeedView.swift; sourceTree = "<group>"; };
		A8FB1A142B009DFC00C47E09 /* FeedCell.swift */ = {isa = PBXFileReference; lastKnownFileType = sourcecode.swift; path = FeedCell.swift; sourceTree = "<group>"; };
		A8FB1A162B00C18E00C47E09 /* ExploreView.swift */ = {isa = PBXFileReference; lastKnownFileType = sourcecode.swift; path = ExploreView.swift; sourceTree = "<group>"; };
		A8FB1A182B00C1AA00C47E09 /* UserCell.swift */ = {isa = PBXFileReference; lastKnownFileType = sourcecode.swift; path = UserCell.swift; sourceTree = "<group>"; };
		A8FB1A1A2B00C4AB00C47E09 /* NotificationsView.swift */ = {isa = PBXFileReference; lastKnownFileType = sourcecode.swift; path = NotificationsView.swift; sourceTree = "<group>"; };
		A8FB1A1C2B00C4B700C47E09 /* NotificationsCell.swift */ = {isa = PBXFileReference; lastKnownFileType = sourcecode.swift; path = NotificationsCell.swift; sourceTree = "<group>"; };
		A8FB1A202B01520800C47E09 /* ProfileHeaderView.swift */ = {isa = PBXFileReference; lastKnownFileType = sourcecode.swift; path = ProfileHeaderView.swift; sourceTree = "<group>"; };
		A8FB1A222B01521200C47E09 /* PostGridView.swift */ = {isa = PBXFileReference; lastKnownFileType = sourcecode.swift; path = PostGridView.swift; sourceTree = "<group>"; };
		A8FB1A242B01527100C47E09 /* CurrentProfileUserView.swift */ = {isa = PBXFileReference; lastKnownFileType = sourcecode.swift; path = CurrentProfileUserView.swift; sourceTree = "<group>"; };
		A8FB1A282B0154EB00C47E09 /* UserStatView.swift */ = {isa = PBXFileReference; lastKnownFileType = sourcecode.swift; path = UserStatView.swift; sourceTree = "<group>"; };
		A8FB1A2A2B01620600C47E09 /* Post.swift */ = {isa = PBXFileReference; lastKnownFileType = sourcecode.swift; path = Post.swift; sourceTree = "<group>"; };
		A8FB1A2F2B01626200C47E09 /* FeedViewModel.swift */ = {isa = PBXFileReference; lastKnownFileType = sourcecode.swift; path = FeedViewModel.swift; sourceTree = "<group>"; };
		A8FB1A312B0181E700C47E09 /* CustomVideoPlayer.swift */ = {isa = PBXFileReference; lastKnownFileType = sourcecode.swift; path = CustomVideoPlayer.swift; sourceTree = "<group>"; };
/* End PBXFileReference section */

/* Begin PBXFrameworksBuildPhase section */
		A8FB19EA2B00550900C47E09 /* Frameworks */ = {
			isa = PBXFrameworksBuildPhase;
			buildActionMask = 2147483647;
			files = (
			);
			runOnlyForDeploymentPostprocessing = 0;
		};
/* End PBXFrameworksBuildPhase section */

/* Begin PBXGroup section */
		A8FB19E42B00550900C47E09 = {
			isa = PBXGroup;
			children = (
				A8FB19EF2B00550900C47E09 /* TikTokTutorial */,
				A8FB19EE2B00550900C47E09 /* Products */,
			);
			sourceTree = "<group>";
		};
		A8FB19EE2B00550900C47E09 /* Products */ = {
			isa = PBXGroup;
			children = (
				A8FB19ED2B00550900C47E09 /* TikTokTutorial.app */,
			);
			name = Products;
			sourceTree = "<group>";
		};
		A8FB19EF2B00550900C47E09 /* TikTokTutorial */ = {
			isa = PBXGroup;
			children = (
				A8FB19F62B00550A00C47E09 /* TikTokTutorial.entitlements */,
				A8FB1A002B00557A00C47E09 /* Core */,
				A8FB19FF2B00556200C47E09 /* App */,
				A8FB1A042B0055B000C47E09 /* Utils */,
				A8FB1A032B0055AD00C47E09 /* Services */,
				A8FB1A022B0055AA00C47E09 /* Model */,
				A8FB1A012B0055A700C47E09 /* Extensions */,
				A8FB19F72B00550A00C47E09 /* Preview Content */,
			);
			path = TikTokTutorial;
			sourceTree = "<group>";
		};
		A8FB19F72B00550A00C47E09 /* Preview Content */ = {
			isa = PBXGroup;
			children = (
				A8FB19F82B00550A00C47E09 /* Preview Assets.xcassets */,
			);
			path = "Preview Content";
			sourceTree = "<group>";
		};
		A8FB19FF2B00556200C47E09 /* App */ = {
			isa = PBXGroup;
			children = (
				A8FB19F02B00550900C47E09 /* TikTokTutorialApp.swift */,
			);
			path = App;
			sourceTree = "<group>";
		};
		A8FB1A002B00557A00C47E09 /* Core */ = {
			isa = PBXGroup;
			children = (
				A8FB1A0F2B00572400C47E09 /* Authentication */,
				A8FB1A0E2B00572100C47E09 /* Comments */,
				A8FB1A0D2B00571E00C47E09 /* Components */,
				A8FB1A0B2B00571400C47E09 /* Feed */,
				A8FB1A0A2B00571000C47E09 /* Notifications */,
				A8FB1A092B00570E00C47E09 /* Profile */,
				A8FB1A082B00570B00C47E09 /* Root */,
				A8FB1A072B00570800C47E09 /* Search */,
				A8FB1A062B00570000C47E09 /* TabBar */,
				A8FB1A052B0056FC00C47E09 /* UploadMedia */,
			);
			path = Core;
			sourceTree = "<group>";
		};
		A8FB1A012B0055A700C47E09 /* Extensions */ = {
			isa = PBXGroup;
			children = (
			);
			path = Extensions;
			sourceTree = "<group>";
		};
		A8FB1A022B0055AA00C47E09 /* Model */ = {
			isa = PBXGroup;
			children = (
				A8FB1A2A2B01620600C47E09 /* Post.swift */,
			);
			path = Model;
			sourceTree = "<group>";
		};
		A8FB1A032B0055AD00C47E09 /* Services */ = {
			isa = PBXGroup;
			children = (
			);
			path = Services;
			sourceTree = "<group>";
		};
		A8FB1A042B0055B000C47E09 /* Utils */ = {
			isa = PBXGroup;
			children = (
				A8FB19F42B00550A00C47E09 /* Assets.xcassets */,
			);
			path = Utils;
			sourceTree = "<group>";
		};
		A8FB1A052B0056FC00C47E09 /* UploadMedia */ = {
			isa = PBXGroup;
			children = (
			);
			path = UploadMedia;
			sourceTree = "<group>";
		};
		A8FB1A062B00570000C47E09 /* TabBar */ = {
			isa = PBXGroup;
			children = (
				A8FB1A102B0057DA00C47E09 /* MainTabView.swift */,
			);
			path = TabBar;
			sourceTree = "<group>";
		};
		A8FB1A072B00570800C47E09 /* Search */ = {
			isa = PBXGroup;
			children = (
				A8FB1A162B00C18E00C47E09 /* ExploreView.swift */,
				A8FB1A182B00C1AA00C47E09 /* UserCell.swift */,
			);
			path = Search;
			sourceTree = "<group>";
		};
		A8FB1A082B00570B00C47E09 /* Root */ = {
			isa = PBXGroup;
			children = (
				A8FB19F22B00550900C47E09 /* ContentView.swift */,
			);
			path = Root;
			sourceTree = "<group>";
		};
		A8FB1A092B00570E00C47E09 /* Profile */ = {
			isa = PBXGroup;
			children = (
				A8FB1A272B0154CB00C47E09 /* View */,
				A8FB1A262B0154BD00C47E09 /* Components */,
				A8FB1A242B01527100C47E09 /* CurrentProfileUserView.swift */,
			);
			path = Profile;
			sourceTree = "<group>";
		};
		A8FB1A0A2B00571000C47E09 /* Notifications */ = {
			isa = PBXGroup;
			children = (
				A8FB1A1A2B00C4AB00C47E09 /* NotificationsView.swift */,
				A8FB1A1C2B00C4B700C47E09 /* NotificationsCell.swift */,
			);
			path = Notifications;
			sourceTree = "<group>";
		};
		A8FB1A0B2B00571400C47E09 /* Feed */ = {
			isa = PBXGroup;
			children = (
				A8FB1A2E2B01624300C47E09 /* Service */,
				A8FB1A2D2B01624000C47E09 /* View */,
				A8FB1A2C2B01623B00C47E09 /* ViewModel */,
			);
			path = Feed;
			sourceTree = "<group>";
		};
		A8FB1A0D2B00571E00C47E09 /* Components */ = {
			isa = PBXGroup;
			children = (
			);
			path = Components;
			sourceTree = "<group>";
		};
		A8FB1A0E2B00572100C47E09 /* Comments */ = {
			isa = PBXGroup;
			children = (
			);
			path = Comments;
			sourceTree = "<group>";
		};
		A8FB1A0F2B00572400C47E09 /* Authentication */ = {
			isa = PBXGroup;
			children = (
			);
			path = Authentication;
			sourceTree = "<group>";
		};
		A8FB1A262B0154BD00C47E09 /* Components */ = {
			isa = PBXGroup;
			children = (
				A8FB1A202B01520800C47E09 /* ProfileHeaderView.swift */,
				A8FB1A222B01521200C47E09 /* PostGridView.swift */,
				A8FB1A282B0154EB00C47E09 /* UserStatView.swift */,
				A8FB1A312B0181E700C47E09 /* CustomVideoPlayer.swift */,
			);
			path = Components;
			sourceTree = "<group>";
		};
		A8FB1A272B0154CB00C47E09 /* View */ = {
			isa = PBXGroup;
			children = (
			);
			path = View;
			sourceTree = "<group>";
		};
		A8FB1A2C2B01623B00C47E09 /* ViewModel */ = {
			isa = PBXGroup;
			children = (
				A8FB1A2F2B01626200C47E09 /* FeedViewModel.swift */,
			);
			path = ViewModel;
			sourceTree = "<group>";
		};
		A8FB1A2D2B01624000C47E09 /* View */ = {
			isa = PBXGroup;
			children = (
				A8FB1A122B007E4400C47E09 /* FeedView.swift */,
				A8FB1A142B009DFC00C47E09 /* FeedCell.swift */,
			);
			path = View;
			sourceTree = "<group>";
		};
		A8FB1A2E2B01624300C47E09 /* Service */ = {
			isa = PBXGroup;
			children = (
			);
			path = Service;
			sourceTree = "<group>";
		};
/* End PBXGroup section */

/* Begin PBXNativeTarget section */
		A8FB19EC2B00550900C47E09 /* TikTokTutorial */ = {
			isa = PBXNativeTarget;
			buildConfigurationList = A8FB19FC2B00550A00C47E09 /* Build configuration list for PBXNativeTarget "TikTokTutorial" */;
			buildPhases = (
				A8FB19E92B00550900C47E09 /* Sources */,
				A8FB19EA2B00550900C47E09 /* Frameworks */,
				A8FB19EB2B00550900C47E09 /* Resources */,
			);
			buildRules = (
			);
			dependencies = (
			);
			name = TikTokTutorial;
			productName = TikTokTutorial;
			productReference = A8FB19ED2B00550900C47E09 /* TikTokTutorial.app */;
			productType = "com.apple.product-type.application";
		};
/* End PBXNativeTarget section */

/* Begin PBXProject section */
		A8FB19E52B00550900C47E09 /* Project object */ = {
			isa = PBXProject;
			attributes = {
				BuildIndependentTargetsInParallel = 1;
				LastSwiftUpdateCheck = 1500;
				LastUpgradeCheck = 1500;
				TargetAttributes = {
					A8FB19EC2B00550900C47E09 = {
						CreatedOnToolsVersion = 15.0.1;
					};
				};
			};
			buildConfigurationList = A8FB19E82B00550900C47E09 /* Build configuration list for PBXProject "TikTokTutorial" */;
			compatibilityVersion = "Xcode 14.0";
			developmentRegion = en;
			hasScannedForEncodings = 0;
			knownRegions = (
				en,
				Base,
			);
			mainGroup = A8FB19E42B00550900C47E09;
			productRefGroup = A8FB19EE2B00550900C47E09 /* Products */;
			projectDirPath = "";
			projectRoot = "";
			targets = (
				A8FB19EC2B00550900C47E09 /* TikTokTutorial */,
			);
		};
/* End PBXProject section */

/* Begin PBXResourcesBuildPhase section */
		A8FB19EB2B00550900C47E09 /* Resources */ = {
			isa = PBXResourcesBuildPhase;
			buildActionMask = 2147483647;
			files = (
				A8FB19F92B00550A00C47E09 /* Preview Assets.xcassets in Resources */,
				A8FB19F52B00550A00C47E09 /* Assets.xcassets in Resources */,
			);
			runOnlyForDeploymentPostprocessing = 0;
		};
/* End PBXResourcesBuildPhase section */

/* Begin PBXSourcesBuildPhase section */
		A8FB19E92B00550900C47E09 /* Sources */ = {
			isa = PBXSourcesBuildPhase;
			buildActionMask = 2147483647;
			files = (
				A8FB1A132B007E4400C47E09 /* FeedView.swift in Sources */,
				A8FB1A322B0181E700C47E09 /* CustomVideoPlayer.swift in Sources */,
				A8FB1A212B01520800C47E09 /* ProfileHeaderView.swift in Sources */,
				A8FB1A152B009DFC00C47E09 /* FeedCell.swift in Sources */,
				A8FB1A292B0154EB00C47E09 /* UserStatView.swift in Sources */,
				A8FB19F32B00550900C47E09 /* ContentView.swift in Sources */,
				A8FB1A302B01626200C47E09 /* FeedViewModel.swift in Sources */,
				A8FB1A2B2B01620600C47E09 /* Post.swift in Sources */,
				A8FB19F12B00550900C47E09 /* TikTokTutorialApp.swift in Sources */,
				A8FB1A172B00C18E00C47E09 /* ExploreView.swift in Sources */,
				A8FB1A112B0057DA00C47E09 /* MainTabView.swift in Sources */,
				A8FB1A232B01521200C47E09 /* PostGridView.swift in Sources */,
				A8FB1A192B00C1AA00C47E09 /* UserCell.swift in Sources */,
				A8FB1A252B01527100C47E09 /* CurrentProfileUserView.swift in Sources */,
				A8FB1A1D2B00C4B700C47E09 /* NotificationsCell.swift in Sources */,
				A8FB1A1B2B00C4AB00C47E09 /* NotificationsView.swift in Sources */,
			);
			runOnlyForDeploymentPostprocessing = 0;
		};
/* End PBXSourcesBuildPhase section */

/* Begin XCBuildConfiguration section */
		A8FB19FA2B00550A00C47E09 /* Debug */ = {
			isa = XCBuildConfiguration;
			buildSettings = {
				ALWAYS_SEARCH_USER_PATHS = NO;
				ASSETCATALOG_COMPILER_GENERATE_SWIFT_ASSET_SYMBOL_EXTENSIONS = YES;
				CLANG_ANALYZER_NONNULL = YES;
				CLANG_ANALYZER_NUMBER_OBJECT_CONVERSION = YES_AGGRESSIVE;
				CLANG_CXX_LANGUAGE_STANDARD = "gnu++20";
				CLANG_ENABLE_MODULES = YES;
				CLANG_ENABLE_OBJC_ARC = YES;
				CLANG_ENABLE_OBJC_WEAK = YES;
				CLANG_WARN_BLOCK_CAPTURE_AUTORELEASING = YES;
				CLANG_WARN_BOOL_CONVERSION = YES;
				CLANG_WARN_COMMA = YES;
				CLANG_WARN_CONSTANT_CONVERSION = YES;
				CLANG_WARN_DEPRECATED_OBJC_IMPLEMENTATIONS = YES;
				CLANG_WARN_DIRECT_OBJC_ISA_USAGE = YES_ERROR;
				CLANG_WARN_DOCUMENTATION_COMMENTS = YES;
				CLANG_WARN_EMPTY_BODY = YES;
				CLANG_WARN_ENUM_CONVERSION = YES;
				CLANG_WARN_INFINITE_RECURSION = YES;
				CLANG_WARN_INT_CONVERSION = YES;
				CLANG_WARN_NON_LITERAL_NULL_CONVERSION = YES;
				CLANG_WARN_OBJC_IMPLICIT_RETAIN_SELF = YES;
				CLANG_WARN_OBJC_LITERAL_CONVERSION = YES;
				CLANG_WARN_OBJC_ROOT_CLASS = YES_ERROR;
				CLANG_WARN_QUOTED_INCLUDE_IN_FRAMEWORK_HEADER = YES;
				CLANG_WARN_RANGE_LOOP_ANALYSIS = YES;
				CLANG_WARN_STRICT_PROTOTYPES = YES;
				CLANG_WARN_SUSPICIOUS_MOVE = YES;
				CLANG_WARN_UNGUARDED_AVAILABILITY = YES_AGGRESSIVE;
				CLANG_WARN_UNREACHABLE_CODE = YES;
				CLANG_WARN__DUPLICATE_METHOD_MATCH = YES;
				COPY_PHASE_STRIP = NO;
				DEBUG_INFORMATION_FORMAT = dwarf;
				ENABLE_STRICT_OBJC_MSGSEND = YES;
				ENABLE_TESTABILITY = YES;
				ENABLE_USER_SCRIPT_SANDBOXING = YES;
				GCC_C_LANGUAGE_STANDARD = gnu17;
				GCC_DYNAMIC_NO_PIC = NO;
				GCC_NO_COMMON_BLOCKS = YES;
				GCC_OPTIMIZATION_LEVEL = 0;
				GCC_PREPROCESSOR_DEFINITIONS = (
					"DEBUG=1",
					"$(inherited)",
				);
				GCC_WARN_64_TO_32_BIT_CONVERSION = YES;
				GCC_WARN_ABOUT_RETURN_TYPE = YES_ERROR;
				GCC_WARN_UNDECLARED_SELECTOR = YES;
				GCC_WARN_UNINITIALIZED_AUTOS = YES_AGGRESSIVE;
				GCC_WARN_UNUSED_FUNCTION = YES;
				GCC_WARN_UNUSED_VARIABLE = YES;
				LOCALIZATION_PREFERS_STRING_CATALOGS = YES;
				MTL_ENABLE_DEBUG_INFO = INCLUDE_SOURCE;
				MTL_FAST_MATH = YES;
				ONLY_ACTIVE_ARCH = YES;
				SWIFT_ACTIVE_COMPILATION_CONDITIONS = "DEBUG $(inherited)";
				SWIFT_OPTIMIZATION_LEVEL = "-Onone";
			};
			name = Debug;
		};
		A8FB19FB2B00550A00C47E09 /* Release */ = {
			isa = XCBuildConfiguration;
			buildSettings = {
				ALWAYS_SEARCH_USER_PATHS = NO;
				ASSETCATALOG_COMPILER_GENERATE_SWIFT_ASSET_SYMBOL_EXTENSIONS = YES;
				CLANG_ANALYZER_NONNULL = YES;
				CLANG_ANALYZER_NUMBER_OBJECT_CONVERSION = YES_AGGRESSIVE;
				CLANG_CXX_LANGUAGE_STANDARD = "gnu++20";
				CLANG_ENABLE_MODULES = YES;
				CLANG_ENABLE_OBJC_ARC = YES;
				CLANG_ENABLE_OBJC_WEAK = YES;
				CLANG_WARN_BLOCK_CAPTURE_AUTORELEASING = YES;
				CLANG_WARN_BOOL_CONVERSION = YES;
				CLANG_WARN_COMMA = YES;
				CLANG_WARN_CONSTANT_CONVERSION = YES;
				CLANG_WARN_DEPRECATED_OBJC_IMPLEMENTATIONS = YES;
				CLANG_WARN_DIRECT_OBJC_ISA_USAGE = YES_ERROR;
				CLANG_WARN_DOCUMENTATION_COMMENTS = YES;
				CLANG_WARN_EMPTY_BODY = YES;
				CLANG_WARN_ENUM_CONVERSION = YES;
				CLANG_WARN_INFINITE_RECURSION = YES;
				CLANG_WARN_INT_CONVERSION = YES;
				CLANG_WARN_NON_LITERAL_NULL_CONVERSION = YES;
				CLANG_WARN_OBJC_IMPLICIT_RETAIN_SELF = YES;
				CLANG_WARN_OBJC_LITERAL_CONVERSION = YES;
				CLANG_WARN_OBJC_ROOT_CLASS = YES_ERROR;
				CLANG_WARN_QUOTED_INCLUDE_IN_FRAMEWORK_HEADER = YES;
				CLANG_WARN_RANGE_LOOP_ANALYSIS = YES;
				CLANG_WARN_STRICT_PROTOTYPES = YES;
				CLANG_WARN_SUSPICIOUS_MOVE = YES;
				CLANG_WARN_UNGUARDED_AVAILABILITY = YES_AGGRESSIVE;
				CLANG_WARN_UNREACHABLE_CODE = YES;
				CLANG_WARN__DUPLICATE_METHOD_MATCH = YES;
				COPY_PHASE_STRIP = NO;
				DEBUG_INFORMATION_FORMAT = "dwarf-with-dsym";
				ENABLE_NS_ASSERTIONS = NO;
				ENABLE_STRICT_OBJC_MSGSEND = YES;
				ENABLE_USER_SCRIPT_SANDBOXING = YES;
				GCC_C_LANGUAGE_STANDARD = gnu17;
				GCC_NO_COMMON_BLOCKS = YES;
				GCC_WARN_64_TO_32_BIT_CONVERSION = YES;
				GCC_WARN_ABOUT_RETURN_TYPE = YES_ERROR;
				GCC_WARN_UNDECLARED_SELECTOR = YES;
				GCC_WARN_UNINITIALIZED_AUTOS = YES_AGGRESSIVE;
				GCC_WARN_UNUSED_FUNCTION = YES;
				GCC_WARN_UNUSED_VARIABLE = YES;
				LOCALIZATION_PREFERS_STRING_CATALOGS = YES;
				MTL_ENABLE_DEBUG_INFO = NO;
				MTL_FAST_MATH = YES;
				SWIFT_COMPILATION_MODE = wholemodule;
			};
			name = Release;
		};
		A8FB19FD2B00550A00C47E09 /* Debug */ = {
			isa = XCBuildConfiguration;
			buildSettings = {
				ASSETCATALOG_COMPILER_APPICON_NAME = AppIcon;
				ASSETCATALOG_COMPILER_GLOBAL_ACCENT_COLOR_NAME = AccentColor;
				CODE_SIGN_ENTITLEMENTS = TikTokTutorial/TikTokTutorial.entitlements;
				CODE_SIGN_STYLE = Automatic;
				CURRENT_PROJECT_VERSION = 1;
				DEVELOPMENT_ASSET_PATHS = "\"TikTokTutorial/Preview Content\"";
				DEVELOPMENT_TEAM = W554CZR3C2;
				ENABLE_HARDENED_RUNTIME = YES;
				ENABLE_PREVIEWS = YES;
				GENERATE_INFOPLIST_FILE = YES;
				"INFOPLIST_KEY_UIApplicationSceneManifest_Generation[sdk=iphoneos*]" = YES;
				"INFOPLIST_KEY_UIApplicationSceneManifest_Generation[sdk=iphonesimulator*]" = YES;
				"INFOPLIST_KEY_UIApplicationSupportsIndirectInputEvents[sdk=iphoneos*]" = YES;
				"INFOPLIST_KEY_UIApplicationSupportsIndirectInputEvents[sdk=iphonesimulator*]" = YES;
				"INFOPLIST_KEY_UILaunchScreen_Generation[sdk=iphoneos*]" = YES;
				"INFOPLIST_KEY_UILaunchScreen_Generation[sdk=iphonesimulator*]" = YES;
				"INFOPLIST_KEY_UIStatusBarStyle[sdk=iphoneos*]" = UIStatusBarStyleDefault;
				"INFOPLIST_KEY_UIStatusBarStyle[sdk=iphonesimulator*]" = UIStatusBarStyleDefault;
				INFOPLIST_KEY_UISupportedInterfaceOrientations_iPad = "UIInterfaceOrientationPortrait UIInterfaceOrientationPortraitUpsideDown UIInterfaceOrientationLandscapeLeft UIInterfaceOrientationLandscapeRight";
				INFOPLIST_KEY_UISupportedInterfaceOrientations_iPhone = "UIInterfaceOrientationPortrait UIInterfaceOrientationLandscapeLeft UIInterfaceOrientationLandscapeRight";
				IPHONEOS_DEPLOYMENT_TARGET = 17.0;
				LD_RUNPATH_SEARCH_PATHS = "@executable_path/Frameworks";
				"LD_RUNPATH_SEARCH_PATHS[sdk=macosx*]" = "@executable_path/../Frameworks";
				MACOSX_DEPLOYMENT_TARGET = 13.5;
				MARKETING_VERSION = 1.0;
				PRODUCT_BUNDLE_IDENTIFIER = "com.lakith-pusarla.TikTokTutorial";
				PRODUCT_NAME = "$(TARGET_NAME)";
				SDKROOT = auto;
				SUPPORTED_PLATFORMS = "iphoneos iphonesimulator macosx";
				SWIFT_EMIT_LOC_STRINGS = YES;
				SWIFT_VERSION = 5.0;
				TARGETED_DEVICE_FAMILY = "1,2";
			};
			name = Debug;
		};
		A8FB19FE2B00550A00C47E09 /* Release */ = {
			isa = XCBuildConfiguration;
			buildSettings = {
				ASSETCATALOG_COMPILER_APPICON_NAME = AppIcon;
				ASSETCATALOG_COMPILER_GLOBAL_ACCENT_COLOR_NAME = AccentColor;
				CODE_SIGN_ENTITLEMENTS = TikTokTutorial/TikTokTutorial.entitlements;
				CODE_SIGN_STYLE = Automatic;
				CURRENT_PROJECT_VERSION = 1;
				DEVELOPMENT_ASSET_PATHS = "\"TikTokTutorial/Preview Content\"";
				DEVELOPMENT_TEAM = W554CZR3C2;
				ENABLE_HARDENED_RUNTIME = YES;
				ENABLE_PREVIEWS = YES;
				GENERATE_INFOPLIST_FILE = YES;
				"INFOPLIST_KEY_UIApplicationSceneManifest_Generation[sdk=iphoneos*]" = YES;
				"INFOPLIST_KEY_UIApplicationSceneManifest_Generation[sdk=iphonesimulator*]" = YES;
				"INFOPLIST_KEY_UIApplicationSupportsIndirectInputEvents[sdk=iphoneos*]" = YES;
				"INFOPLIST_KEY_UIApplicationSupportsIndirectInputEvents[sdk=iphonesimulator*]" = YES;
				"INFOPLIST_KEY_UILaunchScreen_Generation[sdk=iphoneos*]" = YES;
				"INFOPLIST_KEY_UILaunchScreen_Generation[sdk=iphonesimulator*]" = YES;
				"INFOPLIST_KEY_UIStatusBarStyle[sdk=iphoneos*]" = UIStatusBarStyleDefault;
				"INFOPLIST_KEY_UIStatusBarStyle[sdk=iphonesimulator*]" = UIStatusBarStyleDefault;
				INFOPLIST_KEY_UISupportedInterfaceOrientations_iPad = "UIInterfaceOrientationPortrait UIInterfaceOrientationPortraitUpsideDown UIInterfaceOrientationLandscapeLeft UIInterfaceOrientationLandscapeRight";
				INFOPLIST_KEY_UISupportedInterfaceOrientations_iPhone = "UIInterfaceOrientationPortrait UIInterfaceOrientationLandscapeLeft UIInterfaceOrientationLandscapeRight";
				IPHONEOS_DEPLOYMENT_TARGET = 17.0;
				LD_RUNPATH_SEARCH_PATHS = "@executable_path/Frameworks";
				"LD_RUNPATH_SEARCH_PATHS[sdk=macosx*]" = "@executable_path/../Frameworks";
				MACOSX_DEPLOYMENT_TARGET = 13.5;
				MARKETING_VERSION = 1.0;
				PRODUCT_BUNDLE_IDENTIFIER = "com.lakith-pusarla.TikTokTutorial";
				PRODUCT_NAME = "$(TARGET_NAME)";
				SDKROOT = auto;
				SUPPORTED_PLATFORMS = "iphoneos iphonesimulator macosx";
				SWIFT_EMIT_LOC_STRINGS = YES;
				SWIFT_VERSION = 5.0;
				TARGETED_DEVICE_FAMILY = "1,2";
			};
			name = Release;
		};
/* End XCBuildConfiguration section */

/* Begin XCConfigurationList section */
		A8FB19E82B00550900C47E09 /* Build configuration list for PBXProject "TikTokTutorial" */ = {
			isa = XCConfigurationList;
			buildConfigurations = (
				A8FB19FA2B00550A00C47E09 /* Debug */,
				A8FB19FB2B00550A00C47E09 /* Release */,
			);
			defaultConfigurationIsVisible = 0;
			defaultConfigurationName = Release;
		};
		A8FB19FC2B00550A00C47E09 /* Build configuration list for PBXNativeTarget "TikTokTutorial" */ = {
			isa = XCConfigurationList;
			buildConfigurations = (
				A8FB19FD2B00550A00C47E09 /* Debug */,
				A8FB19FE2B00550A00C47E09 /* Release */,
			);
			defaultConfigurationIsVisible = 0;
			defaultConfigurationName = Release;
		};
/* End XCConfigurationList section */
	};
	rootObject = A8FB19E52B00550900C47E09 /* Project object */;
}
